// !$*UTF8*$!
{
	archiveVersion = 1;
	classes = {
	};
	objectVersion = 46;
	objects = {

/* Begin PBXBuildFile section */
		7A0866351F1D4BA200A7DCF0 /* WikiViewController.swift in Sources */ = {isa = PBXBuildFile; fileRef = 7A0866331F1D4BA200A7DCF0 /* WikiViewController.swift */; };
		7A0866361F1D4BA200A7DCF0 /* WikiViewController.xib in Resources */ = {isa = PBXBuildFile; fileRef = 7A0866341F1D4BA200A7DCF0 /* WikiViewController.xib */; };
		7A0866391F1D666500A7DCF0 /* HousesTableViewController.swift in Sources */ = {isa = PBXBuildFile; fileRef = 7A0866371F1D666500A7DCF0 /* HousesTableViewController.swift */; };
		7A08663A1F1D666500A7DCF0 /* HousesTableViewController.xib in Resources */ = {isa = PBXBuildFile; fileRef = 7A0866381F1D666500A7DCF0 /* HousesTableViewController.xib */; };
		7A1135811F4B45400011C635 /* Season.swift in Sources */ = {isa = PBXBuildFile; fileRef = 7A1135801F4B45400011C635 /* Season.swift */; };
		7A1135831F4B47180011C635 /* Episodes.swift in Sources */ = {isa = PBXBuildFile; fileRef = 7A1135821F4B47180011C635 /* Episodes.swift */; };
		7A14A4631F0EC0FA00537F27 /* HouseTest.swift in Sources */ = {isa = PBXBuildFile; fileRef = 7A14A4621F0EC0FA00537F27 /* HouseTest.swift */; };
		7A14A4651F0EC23800537F27 /* House.swift in Sources */ = {isa = PBXBuildFile; fileRef = 7A14A4641F0EC23800537F27 /* House.swift */; };
		7A14A4691F0EC8E700537F27 /* codeIsComing.png in Resources */ = {isa = PBXBuildFile; fileRef = 7A14A4671F0EC8E700537F27 /* codeIsComing.png */; };
		7A14A46A1F0EC8E700537F27 /* lannister.jpg in Resources */ = {isa = PBXBuildFile; fileRef = 7A14A4681F0EC8E700537F27 /* lannister.jpg */; };
		7A14A46C1F0ECAAE00537F27 /* PersonTest.swift in Sources */ = {isa = PBXBuildFile; fileRef = 7A14A46B1F0ECAAE00537F27 /* PersonTest.swift */; };
		7A14A46E1F0ECD8B00537F27 /* Person.swift in Sources */ = {isa = PBXBuildFile; fileRef = 7A14A46D1F0ECD8B00537F27 /* Person.swift */; };
		7A4C82931F56C67D0054ACF5 /* SeasonTableViewController.swift in Sources */ = {isa = PBXBuildFile; fileRef = 7A4C82911F56C67D0054ACF5 /* SeasonTableViewController.swift */; };
		7A4C82941F56C67D0054ACF5 /* SeasonTableViewController.xib in Resources */ = {isa = PBXBuildFile; fileRef = 7A4C82921F56C67D0054ACF5 /* SeasonTableViewController.xib */; };
		7A4C82971F56CC720054ACF5 /* SeasonViewController.swift in Sources */ = {isa = PBXBuildFile; fileRef = 7A4C82951F56CC720054ACF5 /* SeasonViewController.swift */; };
		7A4C82981F56CC720054ACF5 /* SeasonViewController.xib in Resources */ = {isa = PBXBuildFile; fileRef = 7A4C82961F56CC720054ACF5 /* SeasonViewController.xib */; };
		7A5DA0FD1F0C47E30062DA9D /* AppDelegate.swift in Sources */ = {isa = PBXBuildFile; fileRef = 7A5DA0FC1F0C47E30062DA9D /* AppDelegate.swift */; };
		7A5DA1041F0C47E30062DA9D /* Assets.xcassets in Resources */ = {isa = PBXBuildFile; fileRef = 7A5DA1031F0C47E30062DA9D /* Assets.xcassets */; };
		7A5DA1071F0C47E30062DA9D /* LaunchScreen.storyboard in Resources */ = {isa = PBXBuildFile; fileRef = 7A5DA1051F0C47E30062DA9D /* LaunchScreen.storyboard */; };
		7A66D6741F14129100DCFE90 /* HouseViewController.swift in Sources */ = {isa = PBXBuildFile; fileRef = 7A66D6721F14129100DCFE90 /* HouseViewController.swift */; };
		7A66D6751F14129100DCFE90 /* HouseViewController.xib in Resources */ = {isa = PBXBuildFile; fileRef = 7A66D6731F14129100DCFE90 /* HouseViewController.xib */; };
		7ACFE9AF1F4B4F7700999C72 /* EpisodeTest.swift in Sources */ = {isa = PBXBuildFile; fileRef = 7ACFE9AE1F4B4F7700999C72 /* EpisodeTest.swift */; };
		7ADABC5D1F1E862D00CCA56B /* MembersTableViewController.swift in Sources */ = {isa = PBXBuildFile; fileRef = 7ADABC5B1F1E862D00CCA56B /* MembersTableViewController.swift */; };
		7ADABC5E1F1E862D00CCA56B /* ArrayTableViewController.xib in Resources */ = {isa = PBXBuildFile; fileRef = 7ADABC5C1F1E862D00CCA56B /* ArrayTableViewController.xib */; };
		7ADABC601F1E99DC00CCA56B /* ArrayDataSource.swift in Sources */ = {isa = PBXBuildFile; fileRef = 7ADABC5F1F1E99DC00CCA56B /* ArrayDataSource.swift */; };
		7ADABC621F1E9EE100CCA56B /* ArrayDataSourceTeast.swift in Sources */ = {isa = PBXBuildFile; fileRef = 7ADABC611F1E9EE100CCA56B /* ArrayDataSourceTeast.swift */; };
		7ADABC651F1EA9C400CCA56B /* ArrayTableViewController.swift in Sources */ = {isa = PBXBuildFile; fileRef = 7ADABC631F1EA9C400CCA56B /* ArrayTableViewController.swift */; };
		7AEA5A701F5591D400C47052 /* SeasonTest.swift in Sources */ = {isa = PBXBuildFile; fileRef = 7AEA5A6F1F5591D400C47052 /* SeasonTest.swift */; };
		7AF34D721F155DB30081D932 /* UIKitExtensions.swift in Sources */ = {isa = PBXBuildFile; fileRef = 7AF34D711F155DB30081D932 /* UIKitExtensions.swift */; };
		7AF34D741F15607A0081D932 /* RepositoryTest.swift in Sources */ = {isa = PBXBuildFile; fileRef = 7AF34D731F15607A0081D932 /* RepositoryTest.swift */; };
		7AF34D761F1562110081D932 /* Repository.swift in Sources */ = {isa = PBXBuildFile; fileRef = 7AF34D751F1562110081D932 /* Repository.swift */; };
		7AFEC49A1F1EAB830097942C /* DataSource.swift in Sources */ = {isa = PBXBuildFile; fileRef = 7AFEC4991F1EAB830097942C /* DataSource.swift */; };
		7AFEC49C1F1EB02E0097942C /* ArrayTableViewDelegate.swift in Sources */ = {isa = PBXBuildFile; fileRef = 7AFEC49B1F1EB02E0097942C /* ArrayTableViewDelegate.swift */; };
		7AFEC49E1F1EB1330097942C /* Delegates.swift in Sources */ = {isa = PBXBuildFile; fileRef = 7AFEC49D1F1EB1330097942C /* Delegates.swift */; };
/* End PBXBuildFile section */

/* Begin PBXContainerItemProxy section */
		7A5DA10E1F0C47E40062DA9D /* PBXContainerItemProxy */ = {
			isa = PBXContainerItemProxy;
			containerPortal = 7A5DA0F11F0C47E30062DA9D /* Project object */;
			proxyType = 1;
			remoteGlobalIDString = 7A5DA0F81F0C47E30062DA9D;
			remoteInfo = Westeros;
		};
/* End PBXContainerItemProxy section */

/* Begin PBXFileReference section */
		7A0866331F1D4BA200A7DCF0 /* WikiViewController.swift */ = {isa = PBXFileReference; fileEncoding = 4; lastKnownFileType = sourcecode.swift; path = WikiViewController.swift; sourceTree = "<group>"; };
		7A0866341F1D4BA200A7DCF0 /* WikiViewController.xib */ = {isa = PBXFileReference; fileEncoding = 4; lastKnownFileType = file.xib; path = WikiViewController.xib; sourceTree = "<group>"; };
		7A0866371F1D666500A7DCF0 /* HousesTableViewController.swift */ = {isa = PBXFileReference; fileEncoding = 4; lastKnownFileType = sourcecode.swift; path = HousesTableViewController.swift; sourceTree = "<group>"; };
		7A0866381F1D666500A7DCF0 /* HousesTableViewController.xib */ = {isa = PBXFileReference; fileEncoding = 4; lastKnownFileType = file.xib; path = HousesTableViewController.xib; sourceTree = "<group>"; };
		7A1135801F4B45400011C635 /* Season.swift */ = {isa = PBXFileReference; fileEncoding = 4; lastKnownFileType = sourcecode.swift; path = Season.swift; sourceTree = "<group>"; };
		7A1135821F4B47180011C635 /* Episodes.swift */ = {isa = PBXFileReference; fileEncoding = 4; lastKnownFileType = sourcecode.swift; path = Episodes.swift; sourceTree = "<group>"; };
		7A14A4621F0EC0FA00537F27 /* HouseTest.swift */ = {isa = PBXFileReference; fileEncoding = 4; lastKnownFileType = sourcecode.swift; path = HouseTest.swift; sourceTree = "<group>"; };
		7A14A4641F0EC23800537F27 /* House.swift */ = {isa = PBXFileReference; fileEncoding = 4; lastKnownFileType = sourcecode.swift; path = House.swift; sourceTree = "<group>"; };
		7A14A4671F0EC8E700537F27 /* codeIsComing.png */ = {isa = PBXFileReference; lastKnownFileType = image.png; path = codeIsComing.png; sourceTree = "<group>"; };
		7A14A4681F0EC8E700537F27 /* lannister.jpg */ = {isa = PBXFileReference; lastKnownFileType = image.jpeg; path = lannister.jpg; sourceTree = "<group>"; };
		7A14A46B1F0ECAAE00537F27 /* PersonTest.swift */ = {isa = PBXFileReference; fileEncoding = 4; lastKnownFileType = sourcecode.swift; path = PersonTest.swift; sourceTree = "<group>"; };
		7A14A46D1F0ECD8B00537F27 /* Person.swift */ = {isa = PBXFileReference; fileEncoding = 4; lastKnownFileType = sourcecode.swift; path = Person.swift; sourceTree = "<group>"; };
		7A4C82911F56C67D0054ACF5 /* SeasonTableViewController.swift */ = {isa = PBXFileReference; fileEncoding = 4; lastKnownFileType = sourcecode.swift; path = SeasonTableViewController.swift; sourceTree = "<group>"; };
		7A4C82921F56C67D0054ACF5 /* SeasonTableViewController.xib */ = {isa = PBXFileReference; fileEncoding = 4; lastKnownFileType = file.xib; path = SeasonTableViewController.xib; sourceTree = "<group>"; };
		7A4C82951F56CC720054ACF5 /* SeasonViewController.swift */ = {isa = PBXFileReference; fileEncoding = 4; lastKnownFileType = sourcecode.swift; path = SeasonViewController.swift; sourceTree = "<group>"; };
		7A4C82961F56CC720054ACF5 /* SeasonViewController.xib */ = {isa = PBXFileReference; fileEncoding = 4; lastKnownFileType = file.xib; path = SeasonViewController.xib; sourceTree = "<group>"; };
		7A5DA0F91F0C47E30062DA9D /* Westeros.app */ = {isa = PBXFileReference; explicitFileType = wrapper.application; includeInIndex = 0; path = Westeros.app; sourceTree = BUILT_PRODUCTS_DIR; };
		7A5DA0FC1F0C47E30062DA9D /* AppDelegate.swift */ = {isa = PBXFileReference; lastKnownFileType = sourcecode.swift; path = AppDelegate.swift; sourceTree = "<group>"; };
		7A5DA1031F0C47E30062DA9D /* Assets.xcassets */ = {isa = PBXFileReference; lastKnownFileType = folder.assetcatalog; path = Assets.xcassets; sourceTree = "<group>"; };
		7A5DA1061F0C47E30062DA9D /* Base */ = {isa = PBXFileReference; lastKnownFileType = file.storyboard; name = Base; path = Base.lproj/LaunchScreen.storyboard; sourceTree = "<group>"; };
		7A5DA1081F0C47E30062DA9D /* Info.plist */ = {isa = PBXFileReference; lastKnownFileType = text.plist.xml; path = Info.plist; sourceTree = "<group>"; };
		7A5DA10D1F0C47E40062DA9D /* WesterosTests.xctest */ = {isa = PBXFileReference; explicitFileType = wrapper.cfbundle; includeInIndex = 0; path = WesterosTests.xctest; sourceTree = BUILT_PRODUCTS_DIR; };
		7A5DA1131F0C47E40062DA9D /* Info.plist */ = {isa = PBXFileReference; lastKnownFileType = text.plist.xml; path = Info.plist; sourceTree = "<group>"; };
		7A66D6721F14129100DCFE90 /* HouseViewController.swift */ = {isa = PBXFileReference; fileEncoding = 4; lastKnownFileType = sourcecode.swift; path = HouseViewController.swift; sourceTree = "<group>"; };
		7A66D6731F14129100DCFE90 /* HouseViewController.xib */ = {isa = PBXFileReference; fileEncoding = 4; lastKnownFileType = file.xib; path = HouseViewController.xib; sourceTree = "<group>"; };
		7ACFE9AE1F4B4F7700999C72 /* EpisodeTest.swift */ = {isa = PBXFileReference; fileEncoding = 4; lastKnownFileType = sourcecode.swift; path = EpisodeTest.swift; sourceTree = "<group>"; };
		7ADABC5B1F1E862D00CCA56B /* MembersTableViewController.swift */ = {isa = PBXFileReference; fileEncoding = 4; lastKnownFileType = sourcecode.swift; path = MembersTableViewController.swift; sourceTree = "<group>"; };
		7ADABC5C1F1E862D00CCA56B /* ArrayTableViewController.xib */ = {isa = PBXFileReference; fileEncoding = 4; lastKnownFileType = file.xib; path = ArrayTableViewController.xib; sourceTree = "<group>"; };
		7ADABC5F1F1E99DC00CCA56B /* ArrayDataSource.swift */ = {isa = PBXFileReference; fileEncoding = 4; lastKnownFileType = sourcecode.swift; path = ArrayDataSource.swift; sourceTree = "<group>"; };
		7ADABC611F1E9EE100CCA56B /* ArrayDataSourceTeast.swift */ = {isa = PBXFileReference; fileEncoding = 4; lastKnownFileType = sourcecode.swift; path = ArrayDataSourceTeast.swift; sourceTree = "<group>"; };
		7ADABC631F1EA9C400CCA56B /* ArrayTableViewController.swift */ = {isa = PBXFileReference; fileEncoding = 4; lastKnownFileType = sourcecode.swift; path = ArrayTableViewController.swift; sourceTree = "<group>"; };
		7AEA5A6F1F5591D400C47052 /* SeasonTest.swift */ = {isa = PBXFileReference; fileEncoding = 4; lastKnownFileType = sourcecode.swift; path = SeasonTest.swift; sourceTree = "<group>"; };
		7AF34D711F155DB30081D932 /* UIKitExtensions.swift */ = {isa = PBXFileReference; fileEncoding = 4; lastKnownFileType = sourcecode.swift; path = UIKitExtensions.swift; sourceTree = "<group>"; };
		7AF34D731F15607A0081D932 /* RepositoryTest.swift */ = {isa = PBXFileReference; fileEncoding = 4; lastKnownFileType = sourcecode.swift; path = RepositoryTest.swift; sourceTree = "<group>"; };
		7AF34D751F1562110081D932 /* Repository.swift */ = {isa = PBXFileReference; fileEncoding = 4; lastKnownFileType = sourcecode.swift; path = Repository.swift; sourceTree = "<group>"; };
		7AFEC4991F1EAB830097942C /* DataSource.swift */ = {isa = PBXFileReference; fileEncoding = 4; lastKnownFileType = sourcecode.swift; path = DataSource.swift; sourceTree = "<group>"; };
		7AFEC49B1F1EB02E0097942C /* ArrayTableViewDelegate.swift */ = {isa = PBXFileReference; fileEncoding = 4; lastKnownFileType = sourcecode.swift; path = ArrayTableViewDelegate.swift; sourceTree = "<group>"; };
		7AFEC49D1F1EB1330097942C /* Delegates.swift */ = {isa = PBXFileReference; fileEncoding = 4; lastKnownFileType = sourcecode.swift; path = Delegates.swift; sourceTree = "<group>"; };
/* End PBXFileReference section */

/* Begin PBXFrameworksBuildPhase section */
		7A5DA0F61F0C47E30062DA9D /* Frameworks */ = {
			isa = PBXFrameworksBuildPhase;
			buildActionMask = 2147483647;
			files = (
			);
			runOnlyForDeploymentPostprocessing = 0;
		};
		7A5DA10A1F0C47E40062DA9D /* Frameworks */ = {
			isa = PBXFrameworksBuildPhase;
			buildActionMask = 2147483647;
			files = (
			);
			runOnlyForDeploymentPostprocessing = 0;
		};
/* End PBXFrameworksBuildPhase section */

/* Begin PBXGroup section */
		7A14A4661F0EC24200537F27 /* Models */ = {
			isa = PBXGroup;
			children = (
				7A14A4641F0EC23800537F27 /* House.swift */,
				7A14A46D1F0ECD8B00537F27 /* Person.swift */,
				7AF34D751F1562110081D932 /* Repository.swift */,
				7A1135801F4B45400011C635 /* Season.swift */,
				7A1135821F4B47180011C635 /* Episodes.swift */,
			);
			name = Models;
			sourceTree = "<group>";
		};
		7A5DA0F01F0C47E30062DA9D = {
			isa = PBXGroup;
			children = (
				7A5DA0FB1F0C47E30062DA9D /* Westeros */,
				7A5DA1101F0C47E40062DA9D /* WesterosTests */,
				7A5DA0FA1F0C47E30062DA9D /* Products */,
			);
			sourceTree = "<group>";
		};
		7A5DA0FA1F0C47E30062DA9D /* Products */ = {
			isa = PBXGroup;
			children = (
				7A5DA0F91F0C47E30062DA9D /* Westeros.app */,
				7A5DA10D1F0C47E40062DA9D /* WesterosTests.xctest */,
			);
			name = Products;
			sourceTree = "<group>";
		};
		7A5DA0FB1F0C47E30062DA9D /* Westeros */ = {
			isa = PBXGroup;
			children = (
				7AF34D701F155D910081D932 /* Cocoa */,
				7A66D6771F1412BB00DCFE90 /* Resources */,
				7A66D6761F14129A00DCFE90 /* Controllers */,
				7A14A4661F0EC24200537F27 /* Models */,
				7A5DA0FC1F0C47E30062DA9D /* AppDelegate.swift */,
				7A5DA1031F0C47E30062DA9D /* Assets.xcassets */,
				7A5DA1051F0C47E30062DA9D /* LaunchScreen.storyboard */,
				7A5DA1081F0C47E30062DA9D /* Info.plist */,
			);
			path = Westeros;
			sourceTree = "<group>";
		};
		7A5DA1101F0C47E40062DA9D /* WesterosTests */ = {
			isa = PBXGroup;
			children = (
				7A5DA1131F0C47E40062DA9D /* Info.plist */,
				7A14A4621F0EC0FA00537F27 /* HouseTest.swift */,
				7A14A46B1F0ECAAE00537F27 /* PersonTest.swift */,
				7AF34D731F15607A0081D932 /* RepositoryTest.swift */,
				7ADABC611F1E9EE100CCA56B /* ArrayDataSourceTeast.swift */,
				7ACFE9AE1F4B4F7700999C72 /* EpisodeTest.swift */,
				7AEA5A6F1F5591D400C47052 /* SeasonTest.swift */,
			);
			path = WesterosTests;
			sourceTree = "<group>";
		};
		7A66D6761F14129A00DCFE90 /* Controllers */ = {
			isa = PBXGroup;
			children = (
				7AFEC4981F1EAB570097942C /* Generics */,
				7A66D6721F14129100DCFE90 /* HouseViewController.swift */,
				7A66D6731F14129100DCFE90 /* HouseViewController.xib */,
				7A0866331F1D4BA200A7DCF0 /* WikiViewController.swift */,
				7A0866341F1D4BA200A7DCF0 /* WikiViewController.xib */,
				7A0866371F1D666500A7DCF0 /* HousesTableViewController.swift */,
				7A0866381F1D666500A7DCF0 /* HousesTableViewController.xib */,
				7ADABC5B1F1E862D00CCA56B /* MembersTableViewController.swift */,
				7A4C82911F56C67D0054ACF5 /* SeasonTableViewController.swift */,
				7A4C82921F56C67D0054ACF5 /* SeasonTableViewController.xib */,
				7A4C82951F56CC720054ACF5 /* SeasonViewController.swift */,
				7A4C82961F56CC720054ACF5 /* SeasonViewController.xib */,
			);
			name = Controllers;
			path = ..;
			sourceTree = "<group>";
		};
		7A66D6771F1412BB00DCFE90 /* Resources */ = {
			isa = PBXGroup;
			children = (
				7A14A4671F0EC8E700537F27 /* codeIsComing.png */,
				7A14A4681F0EC8E700537F27 /* lannister.jpg */,
			);
			name = Resources;
			path = ..;
			sourceTree = "<group>";
		};
		7AF34D701F155D910081D932 /* Cocoa */ = {
			isa = PBXGroup;
			children = (
				7AF34D711F155DB30081D932 /* UIKitExtensions.swift */,
			);
			name = Cocoa;
			sourceTree = "<group>";
		};
		7AFEC4981F1EAB570097942C /* Generics */ = {
			isa = PBXGroup;
			children = (
				7AFEC4A01F1EB1B60097942C /* Data Sources */,
				7AFEC49F1F1EB1770097942C /* Delegates */,
				7ADABC5F1F1E99DC00CCA56B /* ArrayDataSource.swift */,
				7ADABC631F1EA9C400CCA56B /* ArrayTableViewController.swift */,
				7ADABC5C1F1E862D00CCA56B /* ArrayTableViewController.xib */,
				7AFEC49B1F1EB02E0097942C /* ArrayTableViewDelegate.swift */,
			);
			name = Generics;
			sourceTree = "<group>";
		};
		7AFEC49F1F1EB1770097942C /* Delegates */ = {
			isa = PBXGroup;
			children = (
				7AFEC49D1F1EB1330097942C /* Delegates.swift */,
			);
			name = Delegates;
			sourceTree = "<group>";
		};
		7AFEC4A01F1EB1B60097942C /* Data Sources */ = {
			isa = PBXGroup;
			children = (
				7AFEC4991F1EAB830097942C /* DataSource.swift */,
			);
			name = "Data Sources";
			sourceTree = "<group>";
		};
/* End PBXGroup section */

/* Begin PBXNativeTarget section */
		7A5DA0F81F0C47E30062DA9D /* Westeros */ = {
			isa = PBXNativeTarget;
			buildConfigurationList = 7A5DA1161F0C47E40062DA9D /* Build configuration list for PBXNativeTarget "Westeros" */;
			buildPhases = (
				7A5DA0F51F0C47E30062DA9D /* Sources */,
				7A5DA0F61F0C47E30062DA9D /* Frameworks */,
				7A5DA0F71F0C47E30062DA9D /* Resources */,
			);
			buildRules = (
			);
			dependencies = (
			);
			name = Westeros;
			productName = Westeros;
			productReference = 7A5DA0F91F0C47E30062DA9D /* Westeros.app */;
			productType = "com.apple.product-type.application";
		};
		7A5DA10C1F0C47E40062DA9D /* WesterosTests */ = {
			isa = PBXNativeTarget;
			buildConfigurationList = 7A5DA1191F0C47E40062DA9D /* Build configuration list for PBXNativeTarget "WesterosTests" */;
			buildPhases = (
				7A5DA1091F0C47E40062DA9D /* Sources */,
				7A5DA10A1F0C47E40062DA9D /* Frameworks */,
				7A5DA10B1F0C47E40062DA9D /* Resources */,
			);
			buildRules = (
			);
			dependencies = (
				7A5DA10F1F0C47E40062DA9D /* PBXTargetDependency */,
			);
			name = WesterosTests;
			productName = WesterosTests;
			productReference = 7A5DA10D1F0C47E40062DA9D /* WesterosTests.xctest */;
			productType = "com.apple.product-type.bundle.unit-test";
		};
/* End PBXNativeTarget section */

/* Begin PBXProject section */
		7A5DA0F11F0C47E30062DA9D /* Project object */ = {
			isa = PBXProject;
			attributes = {
				LastSwiftUpdateCheck = 0830;
				LastUpgradeCheck = 0830;
				ORGANIZATIONNAME = yisus;
				TargetAttributes = {
					7A5DA0F81F0C47E30062DA9D = {
						CreatedOnToolsVersion = 8.3.3;
						ProvisioningStyle = Automatic;
					};
					7A5DA10C1F0C47E40062DA9D = {
						CreatedOnToolsVersion = 8.3.3;
						LastSwiftMigration = 0830;
						ProvisioningStyle = Automatic;
						TestTargetID = 7A5DA0F81F0C47E30062DA9D;
					};
				};
			};
			buildConfigurationList = 7A5DA0F41F0C47E30062DA9D /* Build configuration list for PBXProject "Westeros" */;
			compatibilityVersion = "Xcode 3.2";
			developmentRegion = English;
			hasScannedForEncodings = 0;
			knownRegions = (
				en,
				Base,
			);
			mainGroup = 7A5DA0F01F0C47E30062DA9D;
			productRefGroup = 7A5DA0FA1F0C47E30062DA9D /* Products */;
			projectDirPath = "";
			projectRoot = "";
			targets = (
				7A5DA0F81F0C47E30062DA9D /* Westeros */,
				7A5DA10C1F0C47E40062DA9D /* WesterosTests */,
			);
		};
/* End PBXProject section */

/* Begin PBXResourcesBuildPhase section */
		7A5DA0F71F0C47E30062DA9D /* Resources */ = {
			isa = PBXResourcesBuildPhase;
			buildActionMask = 2147483647;
			files = (
				7A14A46A1F0EC8E700537F27 /* lannister.jpg in Resources */,
				7ADABC5E1F1E862D00CCA56B /* ArrayTableViewController.xib in Resources */,
				7A14A4691F0EC8E700537F27 /* codeIsComing.png in Resources */,
				7A66D6751F14129100DCFE90 /* HouseViewController.xib in Resources */,
				7A08663A1F1D666500A7DCF0 /* HousesTableViewController.xib in Resources */,
				7A5DA1071F0C47E30062DA9D /* LaunchScreen.storyboard in Resources */,
				7A0866361F1D4BA200A7DCF0 /* WikiViewController.xib in Resources */,
				7A4C82981F56CC720054ACF5 /* SeasonViewController.xib in Resources */,
				7A4C82941F56C67D0054ACF5 /* SeasonTableViewController.xib in Resources */,
				7A5DA1041F0C47E30062DA9D /* Assets.xcassets in Resources */,
			);
			runOnlyForDeploymentPostprocessing = 0;
		};
		7A5DA10B1F0C47E40062DA9D /* Resources */ = {
			isa = PBXResourcesBuildPhase;
			buildActionMask = 2147483647;
			files = (
			);
			runOnlyForDeploymentPostprocessing = 0;
		};
/* End PBXResourcesBuildPhase section */

/* Begin PBXSourcesBuildPhase section */
		7A5DA0F51F0C47E30062DA9D /* Sources */ = {
			isa = PBXSourcesBuildPhase;
			buildActionMask = 2147483647;
			files = (
				7ADABC651F1EA9C400CCA56B /* ArrayTableViewController.swift in Sources */,
				7ADABC601F1E99DC00CCA56B /* ArrayDataSource.swift in Sources */,
				7AFEC49E1F1EB1330097942C /* Delegates.swift in Sources */,
				7AFEC49C1F1EB02E0097942C /* ArrayTableViewDelegate.swift in Sources */,
				7A0866391F1D666500A7DCF0 /* HousesTableViewController.swift in Sources */,
				7A1135831F4B47180011C635 /* Episodes.swift in Sources */,
				7A14A46E1F0ECD8B00537F27 /* Person.swift in Sources */,
				7A14A4651F0EC23800537F27 /* House.swift in Sources */,
				7A1135811F4B45400011C635 /* Season.swift in Sources */,
				7A5DA0FD1F0C47E30062DA9D /* AppDelegate.swift in Sources */,
				7A4C82931F56C67D0054ACF5 /* SeasonTableViewController.swift in Sources */,
				7AFEC49A1F1EAB830097942C /* DataSource.swift in Sources */,
				7ADABC5D1F1E862D00CCA56B /* MembersTableViewController.swift in Sources */,
				7AF34D721F155DB30081D932 /* UIKitExtensions.swift in Sources */,
				7A66D6741F14129100DCFE90 /* HouseViewController.swift in Sources */,
				7AF34D761F1562110081D932 /* Repository.swift in Sources */,
				7A0866351F1D4BA200A7DCF0 /* WikiViewController.swift in Sources */,
				7A4C82971F56CC720054ACF5 /* SeasonViewController.swift in Sources */,
			);
			runOnlyForDeploymentPostprocessing = 0;
		};
		7A5DA1091F0C47E40062DA9D /* Sources */ = {
			isa = PBXSourcesBuildPhase;
			buildActionMask = 2147483647;
			files = (
				7ADABC621F1E9EE100CCA56B /* ArrayDataSourceTeast.swift in Sources */,
				7ACFE9AF1F4B4F7700999C72 /* EpisodeTest.swift in Sources */,
				7A14A4631F0EC0FA00537F27 /* HouseTest.swift in Sources */,
				7A14A46C1F0ECAAE00537F27 /* PersonTest.swift in Sources */,
				7AEA5A701F5591D400C47052 /* SeasonTest.swift in Sources */,
				7AF34D741F15607A0081D932 /* RepositoryTest.swift in Sources */,
			);
			runOnlyForDeploymentPostprocessing = 0;
		};
/* End PBXSourcesBuildPhase section */

/* Begin PBXTargetDependency section */
		7A5DA10F1F0C47E40062DA9D /* PBXTargetDependency */ = {
			isa = PBXTargetDependency;
			target = 7A5DA0F81F0C47E30062DA9D /* Westeros */;
			targetProxy = 7A5DA10E1F0C47E40062DA9D /* PBXContainerItemProxy */;
		};
/* End PBXTargetDependency section */

/* Begin PBXVariantGroup section */
		7A5DA1051F0C47E30062DA9D /* LaunchScreen.storyboard */ = {
			isa = PBXVariantGroup;
			children = (
				7A5DA1061F0C47E30062DA9D /* Base */,
			);
			name = LaunchScreen.storyboard;
			sourceTree = "<group>";
		};
/* End PBXVariantGroup section */

/* Begin XCBuildConfiguration section */
		7A5DA1141F0C47E40062DA9D /* Debug */ = {
			isa = XCBuildConfiguration;
			buildSettings = {
				ALWAYS_SEARCH_USER_PATHS = NO;
				CLANG_ANALYZER_NONNULL = YES;
				CLANG_ANALYZER_NUMBER_OBJECT_CONVERSION = YES_AGGRESSIVE;
				CLANG_CXX_LANGUAGE_STANDARD = "gnu++0x";
				CLANG_CXX_LIBRARY = "libc++";
				CLANG_ENABLE_MODULES = YES;
				CLANG_ENABLE_OBJC_ARC = YES;
				CLANG_WARN_BOOL_CONVERSION = YES;
				CLANG_WARN_CONSTANT_CONVERSION = YES;
				CLANG_WARN_DIRECT_OBJC_ISA_USAGE = YES_ERROR;
				CLANG_WARN_DOCUMENTATION_COMMENTS = YES;
				CLANG_WARN_EMPTY_BODY = YES;
				CLANG_WARN_ENUM_CONVERSION = YES;
				CLANG_WARN_INFINITE_RECURSION = YES;
				CLANG_WARN_INT_CONVERSION = YES;
				CLANG_WARN_OBJC_ROOT_CLASS = YES_ERROR;
				CLANG_WARN_SUSPICIOUS_MOVE = YES;
				CLANG_WARN_UNREACHABLE_CODE = YES;
				CLANG_WARN__DUPLICATE_METHOD_MATCH = YES;
				"CODE_SIGN_IDENTITY[sdk=iphoneos*]" = "iPhone Developer";
				COPY_PHASE_STRIP = NO;
				DEBUG_INFORMATION_FORMAT = dwarf;
				ENABLE_STRICT_OBJC_MSGSEND = YES;
				ENABLE_TESTABILITY = YES;
				GCC_C_LANGUAGE_STANDARD = gnu99;
				GCC_DYNAMIC_NO_PIC = NO;
				GCC_NO_COMMON_BLOCKS = YES;
				GCC_OPTIMIZATION_LEVEL = 0;
				GCC_PREPROCESSOR_DEFINITIONS = (
					"DEBUG=1",
					"$(inherited)",
				);
				GCC_WARN_64_TO_32_BIT_CONVERSION = YES;
				GCC_WARN_ABOUT_RETURN_TYPE = YES_ERROR;
				GCC_WARN_UNDECLARED_SELECTOR = YES;
				GCC_WARN_UNINITIALIZED_AUTOS = YES_AGGRESSIVE;
				GCC_WARN_UNUSED_FUNCTION = YES;
				GCC_WARN_UNUSED_VARIABLE = YES;
				IPHONEOS_DEPLOYMENT_TARGET = 10.3;
				MTL_ENABLE_DEBUG_INFO = YES;
				ONLY_ACTIVE_ARCH = YES;
				SDKROOT = iphoneos;
				SWIFT_ACTIVE_COMPILATION_CONDITIONS = DEBUG;
				SWIFT_OPTIMIZATION_LEVEL = "-Onone";
				TARGETED_DEVICE_FAMILY = "1,2";
			};
			name = Debug;
		};
		7A5DA1151F0C47E40062DA9D /* Release */ = {
			isa = XCBuildConfiguration;
			buildSettings = {
				ALWAYS_SEARCH_USER_PATHS = NO;
				CLANG_ANALYZER_NONNULL = YES;
				CLANG_ANALYZER_NUMBER_OBJECT_CONVERSION = YES_AGGRESSIVE;
				CLANG_CXX_LANGUAGE_STANDARD = "gnu++0x";
				CLANG_CXX_LIBRARY = "libc++";
				CLANG_ENABLE_MODULES = YES;
				CLANG_ENABLE_OBJC_ARC = YES;
				CLANG_WARN_BOOL_CONVERSION = YES;
				CLANG_WARN_CONSTANT_CONVERSION = YES;
				CLANG_WARN_DIRECT_OBJC_ISA_USAGE = YES_ERROR;
				CLANG_WARN_DOCUMENTATION_COMMENTS = YES;
				CLANG_WARN_EMPTY_BODY = YES;
				CLANG_WARN_ENUM_CONVERSION = YES;
				CLANG_WARN_INFINITE_RECURSION = YES;
				CLANG_WARN_INT_CONVERSION = YES;
				CLANG_WARN_OBJC_ROOT_CLASS = YES_ERROR;
				CLANG_WARN_SUSPICIOUS_MOVE = YES;
				CLANG_WARN_UNREACHABLE_CODE = YES;
				CLANG_WARN__DUPLICATE_METHOD_MATCH = YES;
				"CODE_SIGN_IDENTITY[sdk=iphoneos*]" = "iPhone Developer";
				COPY_PHASE_STRIP = NO;
				DEBUG_INFORMATION_FORMAT = "dwarf-with-dsym";
				ENABLE_NS_ASSERTIONS = NO;
				ENABLE_STRICT_OBJC_MSGSEND = YES;
				GCC_C_LANGUAGE_STANDARD = gnu99;
				GCC_NO_COMMON_BLOCKS = YES;
				GCC_WARN_64_TO_32_BIT_CONVERSION = YES;
				GCC_WARN_ABOUT_RETURN_TYPE = YES_ERROR;
				GCC_WARN_UNDECLARED_SELECTOR = YES;
				GCC_WARN_UNINITIALIZED_AUTOS = YES_AGGRESSIVE;
				GCC_WARN_UNUSED_FUNCTION = YES;
				GCC_WARN_UNUSED_VARIABLE = YES;
				IPHONEOS_DEPLOYMENT_TARGET = 10.3;
				MTL_ENABLE_DEBUG_INFO = NO;
				SDKROOT = iphoneos;
				SWIFT_OPTIMIZATION_LEVEL = "-Owholemodule";
				TARGETED_DEVICE_FAMILY = "1,2";
				VALIDATE_PRODUCT = YES;
			};
			name = Release;
		};
		7A5DA1171F0C47E40062DA9D /* Debug */ = {
			isa = XCBuildConfiguration;
			buildSettings = {
				ASSETCATALOG_COMPILER_APPICON_NAME = AppIcon;
				INFOPLIST_FILE = Westeros/Info.plist;
				IPHONEOS_DEPLOYMENT_TARGET = 9.3;
				LD_RUNPATH_SEARCH_PATHS = "$(inherited) @executable_path/Frameworks";
				PRODUCT_BUNDLE_IDENTIFIER = io.yisus.Westeros;
				PRODUCT_NAME = "$(TARGET_NAME)";
				SWIFT_VERSION = 3.0;
				TARGETED_DEVICE_FAMILY = "1,2";
			};
			name = Debug;
		};
		7A5DA1181F0C47E40062DA9D /* Release */ = {
			isa = XCBuildConfiguration;
			buildSettings = {
				ASSETCATALOG_COMPILER_APPICON_NAME = AppIcon;
				INFOPLIST_FILE = Westeros/Info.plist;
				IPHONEOS_DEPLOYMENT_TARGET = 9.3;
				LD_RUNPATH_SEARCH_PATHS = "$(inherited) @executable_path/Frameworks";
				PRODUCT_BUNDLE_IDENTIFIER = io.yisus.Westeros;
				PRODUCT_NAME = "$(TARGET_NAME)";
				SWIFT_VERSION = 3.0;
				TARGETED_DEVICE_FAMILY = "1,2";
			};
			name = Release;
		};
		7A5DA11A1F0C47E40062DA9D /* Debug */ = {
			isa = XCBuildConfiguration;
			buildSettings = {
				ALWAYS_EMBED_SWIFT_STANDARD_LIBRARIES = YES;
				BUNDLE_LOADER = "$(TEST_HOST)";
				CLANG_ENABLE_MODULES = YES;
				INFOPLIST_FILE = WesterosTests/Info.plist;
				LD_RUNPATH_SEARCH_PATHS = "$(inherited) @executable_path/Frameworks @loader_path/Frameworks";
				PRODUCT_BUNDLE_IDENTIFIER = io.yisus.WesterosTests;
				PRODUCT_NAME = "$(TARGET_NAME)";
				SWIFT_OPTIMIZATION_LEVEL = "-Onone";
				SWIFT_VERSION = 3.0;
				TEST_HOST = "$(BUILT_PRODUCTS_DIR)/Westeros.app/Westeros";
			};
			name = Debug;
		};
		7A5DA11B1F0C47E40062DA9D /* Release */ = {
			isa = XCBuildConfiguration;
			buildSettings = {
				ALWAYS_EMBED_SWIFT_STANDARD_LIBRARIES = YES;
				BUNDLE_LOADER = "$(TEST_HOST)";
				CLANG_ENABLE_MODULES = YES;
				INFOPLIST_FILE = WesterosTests/Info.plist;
				LD_RUNPATH_SEARCH_PATHS = "$(inherited) @executable_path/Frameworks @loader_path/Frameworks";
				PRODUCT_BUNDLE_IDENTIFIER = io.yisus.WesterosTests;
				PRODUCT_NAME = "$(TARGET_NAME)";
				SWIFT_VERSION = 3.0;
				TEST_HOST = "$(BUILT_PRODUCTS_DIR)/Westeros.app/Westeros";
			};
			name = Release;
		};
/* End XCBuildConfiguration section */

/* Begin XCConfigurationList section */
		7A5DA0F41F0C47E30062DA9D /* Build configuration list for PBXProject "Westeros" */ = {
			isa = XCConfigurationList;
			buildConfigurations = (
				7A5DA1141F0C47E40062DA9D /* Debug */,
				7A5DA1151F0C47E40062DA9D /* Release */,
			);
			defaultConfigurationIsVisible = 0;
			defaultConfigurationName = Release;
		};
		7A5DA1161F0C47E40062DA9D /* Build configuration list for PBXNativeTarget "Westeros" */ = {
			isa = XCConfigurationList;
			buildConfigurations = (
				7A5DA1171F0C47E40062DA9D /* Debug */,
				7A5DA1181F0C47E40062DA9D /* Release */,
			);
			defaultConfigurationIsVisible = 0;
			defaultConfigurationName = Release;
		};
		7A5DA1191F0C47E40062DA9D /* Build configuration list for PBXNativeTarget "WesterosTests" */ = {
			isa = XCConfigurationList;
			buildConfigurations = (
				7A5DA11A1F0C47E40062DA9D /* Debug */,
				7A5DA11B1F0C47E40062DA9D /* Release */,
			);
			defaultConfigurationIsVisible = 0;
			defaultConfigurationName = Release;
		};
/* End XCConfigurationList section */
	};
	rootObject = 7A5DA0F11F0C47E30062DA9D /* Project object */;
}
